
Microsoft Visual Studio Solution File, Format Version 12.00
# Visual Studio Version 16
VisualStudioVersion = 16.0.31112.23
MinimumVisualStudioVersion = 10.0.40219.1
Project("{FAE04EC0-301F-11D3-BF4B-00C04F79EFBC}") = "math", "math\math.csproj", "{1206FF1E-6327-44B4-9B8E-F7822B8C706C}"
EndProject
Global
	GlobalSection(SolutionConfigurationPlatforms) = preSolution
		Debug|Any CPU = Debug|Any CPU
		Release|Any CPU = Release|Any CPU
	EndGlobalSection
	GlobalSection(ProjectConfigurationPlatforms) = postSolution
		{1206FF1E-6327-44B4-9B8E-F7822B8C706C}.Debug|Any CPU.ActiveCfg = Debug|Any CPU
		{1206FF1E-6327-44B4-9B8E-F7822B8C706C}.Debug|Any CPU.Build.0 = Debug|Any CPU
		{1206FF1E-6327-44B4-9B8E-F7822B8C706C}.Release|Any CPU.ActiveCfg = Release|Any CPU
		{1206FF1E-6327-44B4-9B8E-F7822B8C706C}.Release|Any CPU.Build.0 = Release|Any CPU
	EndGlobalSection
	GlobalSection(SolutionProperties) = preSolution
		HideSolutionNode = FALSE
	EndGlobalSection
	GlobalSection(ExtensibilityGlobals) = postSolution
		SolutionGuid = {721F079A-4592-4DF6-8CBF-3025938FBE19}
	EndGlobalSection
EndGlobal
